
Microsoft Visual Studio Solution File, Format Version 12.00
# Visual Studio Version 16
VisualStudioVersion = 16.0.30804.86
MinimumVisualStudioVersion = 10.0.40219.1
Project("{FAE04EC0-301F-11D3-BF4B-00C04F79EFBC}") = "RevitMVVM", "RevitMVVM.csproj", "{6591064B-A63D-4E19-9BC2-6251216AFA87}"
EndProject
Global
	GlobalSection(SolutionConfigurationPlatforms) = preSolution
		Debug|Any CPU = Debug|Any CPU
		Release|Any CPU = Release|Any CPU
	EndGlobalSection
	GlobalSection(ProjectConfigurationPlatforms) = postSolution
		{6591064B-A63D-4E19-9BC2-6251216AFA87}.Debug|Any CPU.ActiveCfg = Debug|Any CPU
		{6591064B-A63D-4E19-9BC2-6251216AFA87}.Debug|Any CPU.Build.0 = Debug|Any CPU
		{6591064B-A63D-4E19-9BC2-6251216AFA87}.Release|Any CPU.ActiveCfg = Release|Any CPU
		{6591064B-A63D-4E19-9BC2-6251216AFA87}.Release|Any CPU.Build.0 = Release|Any CPU
	EndGlobalSection
	GlobalSection(SolutionProperties) = preSolution
		HideSolutionNode = FALSE
	EndGlobalSection
	GlobalSection(ExtensibilityGlobals) = postSolution
		SolutionGuid = {1CE40865-ECCE-46B3-B1B1-60C10DF6FDB9}
	EndGlobalSection
EndGlobal
